
Microsoft Visual Studio Solution File, Format Version 12.00
# Visual Studio 15
VisualStudioVersion = 15.0.26730.15
MinimumVisualStudioVersion = 10.0.40219.1
Project("{9A19103F-16F7-4668-BE54-9A1E7A4F7556}") = "rpgsite3", "rpgsite3\rpgsite3.csproj", "{AE2940D2-4B4E-41A2-A8B8-9B07063533A8}"
EndProject
Project("{9A19103F-16F7-4668-BE54-9A1E7A4F7556}") = "Data", "SimpleMonsterGallery\Data.csproj", "{3770E0D9-85B6-4493-B2C5-4CCFF4D7E249}"
EndProject
Project("{9A19103F-16F7-4668-BE54-9A1E7A4F7556}") = "Services", "Services\Services.csproj", "{4F637494-3FDE-4106-9175-5FAA6F2B4993}"
EndProject
Project("{9A19103F-16F7-4668-BE54-9A1E7A4F7556}") = "Api", "Api\Api.csproj", "{1C20A05B-6981-48B8-9A07-C2FC0460CB90}"
EndProject
Project("{FAE04EC0-301F-11D3-BF4B-00C04F79EFBC}") = "RpgSite3.Tests", "RpgSite3.Tests\RpgSite3.Tests.csproj", "{2555507F-CCF0-4E47-97E8-AC8DA206F6C7}"
EndProject
Global
	GlobalSection(SolutionConfigurationPlatforms) = preSolution
		Debug|Any CPU = Debug|Any CPU
		Release|Any CPU = Release|Any CPU
	EndGlobalSection
	GlobalSection(ProjectConfigurationPlatforms) = postSolution
		{AE2940D2-4B4E-41A2-A8B8-9B07063533A8}.Debug|Any CPU.ActiveCfg = Debug|Any CPU
		{AE2940D2-4B4E-41A2-A8B8-9B07063533A8}.Debug|Any CPU.Build.0 = Debug|Any CPU
		{AE2940D2-4B4E-41A2-A8B8-9B07063533A8}.Release|Any CPU.ActiveCfg = Release|Any CPU
		{AE2940D2-4B4E-41A2-A8B8-9B07063533A8}.Release|Any CPU.Build.0 = Release|Any CPU
		{3770E0D9-85B6-4493-B2C5-4CCFF4D7E249}.Debug|Any CPU.ActiveCfg = Debug|Any CPU
		{3770E0D9-85B6-4493-B2C5-4CCFF4D7E249}.Debug|Any CPU.Build.0 = Debug|Any CPU
		{3770E0D9-85B6-4493-B2C5-4CCFF4D7E249}.Release|Any CPU.ActiveCfg = Release|Any CPU
		{3770E0D9-85B6-4493-B2C5-4CCFF4D7E249}.Release|Any CPU.Build.0 = Release|Any CPU
		{4F637494-3FDE-4106-9175-5FAA6F2B4993}.Debug|Any CPU.ActiveCfg = Debug|Any CPU
		{4F637494-3FDE-4106-9175-5FAA6F2B4993}.Debug|Any CPU.Build.0 = Debug|Any CPU
		{4F637494-3FDE-4106-9175-5FAA6F2B4993}.Release|Any CPU.ActiveCfg = Release|Any CPU
		{4F637494-3FDE-4106-9175-5FAA6F2B4993}.Release|Any CPU.Build.0 = Release|Any CPU
		{1C20A05B-6981-48B8-9A07-C2FC0460CB90}.Debug|Any CPU.ActiveCfg = Debug|Any CPU
		{1C20A05B-6981-48B8-9A07-C2FC0460CB90}.Debug|Any CPU.Build.0 = Debug|Any CPU
		{1C20A05B-6981-48B8-9A07-C2FC0460CB90}.Release|Any CPU.ActiveCfg = Release|Any CPU
		{1C20A05B-6981-48B8-9A07-C2FC0460CB90}.Release|Any CPU.Build.0 = Release|Any CPU
		{2555507F-CCF0-4E47-97E8-AC8DA206F6C7}.Debug|Any CPU.ActiveCfg = Debug|Any CPU
		{2555507F-CCF0-4E47-97E8-AC8DA206F6C7}.Debug|Any CPU.Build.0 = Debug|Any CPU
		{2555507F-CCF0-4E47-97E8-AC8DA206F6C7}.Release|Any CPU.ActiveCfg = Release|Any CPU
		{2555507F-CCF0-4E47-97E8-AC8DA206F6C7}.Release|Any CPU.Build.0 = Release|Any CPU
	EndGlobalSection
	GlobalSection(SolutionProperties) = preSolution
		HideSolutionNode = FALSE
	EndGlobalSection
	GlobalSection(ExtensibilityGlobals) = postSolution
		SolutionGuid = {51BE3B68-1A25-4D32-ABC5-1DD6F851BDBD}
	EndGlobalSection
EndGlobal
